// !$*UTF8*$!
{
	archiveVersion = 1;
	classes = {
	};
	objectVersion = 55;
	objects = {

/* Begin PBXBuildFile section */
		FA768EA728927B670000A483 /* DailyCell.swift in Sources */ = {isa = PBXBuildFile; fileRef = FA768EA628927B670000A483 /* DailyCell.swift */; };
		FA768EA928927B7F0000A483 /* DailyViewController.swift in Sources */ = {isa = PBXBuildFile; fileRef = FA768EA828927B7F0000A483 /* DailyViewController.swift */; };
		FAAD4616288EA60900989CC1 /* AppDelegate.swift in Sources */ = {isa = PBXBuildFile; fileRef = FAAD4615288EA60900989CC1 /* AppDelegate.swift */; };
		FAAD4618288EA60900989CC1 /* SceneDelegate.swift in Sources */ = {isa = PBXBuildFile; fileRef = FAAD4617288EA60900989CC1 /* SceneDelegate.swift */; };
		FAAD461A288EA60900989CC1 /* ViewController.swift in Sources */ = {isa = PBXBuildFile; fileRef = FAAD4619288EA60900989CC1 /* ViewController.swift */; };
		FAAD461D288EA60900989CC1 /* Main.storyboard in Resources */ = {isa = PBXBuildFile; fileRef = FAAD461B288EA60900989CC1 /* Main.storyboard */; };
		FAAD461F288EA60B00989CC1 /* Assets.xcassets in Resources */ = {isa = PBXBuildFile; fileRef = FAAD461E288EA60B00989CC1 /* Assets.xcassets */; };
		FAAD4622288EA60B00989CC1 /* LaunchScreen.storyboard in Resources */ = {isa = PBXBuildFile; fileRef = FAAD4620288EA60B00989CC1 /* LaunchScreen.storyboard */; };
		FAAD462A288EA87B00989CC1 /* CalendarCell.swift in Sources */ = {isa = PBXBuildFile; fileRef = FAAD4629288EA87B00989CC1 /* CalendarCell.swift */; };
		FAAD462C288EABA400989CC1 /* CalendarHelper.swift in Sources */ = {isa = PBXBuildFile; fileRef = FAAD462B288EABA400989CC1 /* CalendarHelper.swift */; };
		FAAD462E288EE59800989CC1 /* WeeklyViewController.swift in Sources */ = {isa = PBXBuildFile; fileRef = FAAD462D288EE59800989CC1 /* WeeklyViewController.swift */; };
		FAAD4630289050FC00989CC1 /* EventEditViewController.swift in Sources */ = {isa = PBXBuildFile; fileRef = FAAD462F289050FC00989CC1 /* EventEditViewController.swift */; };
		FAAD46322890510B00989CC1 /* EventCell.swift in Sources */ = {isa = PBXBuildFile; fileRef = FAAD46312890510B00989CC1 /* EventCell.swift */; };
		FAAD46342891582B00989CC1 /* Event.swift in Sources */ = {isa = PBXBuildFile; fileRef = FAAD46332891582B00989CC1 /* Event.swift */; };
/* End PBXBuildFile section */

/* Begin PBXFileReference section */
		FA768EA628927B670000A483 /* DailyCell.swift */ = {isa = PBXFileReference; lastKnownFileType = sourcecode.swift; path = DailyCell.swift; sourceTree = "<group>"; };
		FA768EA828927B7F0000A483 /* DailyViewController.swift */ = {isa = PBXFileReference; lastKnownFileType = sourcecode.swift; path = DailyViewController.swift; sourceTree = "<group>"; };
		FAAD4612288EA60900989CC1 /* CalendarTutorial.app */ = {isa = PBXFileReference; explicitFileType = wrapper.application; includeInIndex = 0; path = CalendarTutorial.app; sourceTree = BUILT_PRODUCTS_DIR; };
		FAAD4615288EA60900989CC1 /* AppDelegate.swift */ = {isa = PBXFileReference; lastKnownFileType = sourcecode.swift; path = AppDelegate.swift; sourceTree = "<group>"; };
		FAAD4617288EA60900989CC1 /* SceneDelegate.swift */ = {isa = PBXFileReference; lastKnownFileType = sourcecode.swift; path = SceneDelegate.swift; sourceTree = "<group>"; };
		FAAD4619288EA60900989CC1 /* ViewController.swift */ = {isa = PBXFileReference; lastKnownFileType = sourcecode.swift; path = ViewController.swift; sourceTree = "<group>"; };
		FAAD461C288EA60900989CC1 /* Base */ = {isa = PBXFileReference; lastKnownFileType = file.storyboard; name = Base; path = Base.lproj/Main.storyboard; sourceTree = "<group>"; };
		FAAD461E288EA60B00989CC1 /* Assets.xcassets */ = {isa = PBXFileReference; lastKnownFileType = folder.assetcatalog; path = Assets.xcassets; sourceTree = "<group>"; };
		FAAD4621288EA60B00989CC1 /* Base */ = {isa = PBXFileReference; lastKnownFileType = file.storyboard; name = Base; path = Base.lproj/LaunchScreen.storyboard; sourceTree = "<group>"; };
		FAAD4623288EA60B00989CC1 /* Info.plist */ = {isa = PBXFileReference; lastKnownFileType = text.plist.xml; path = Info.plist; sourceTree = "<group>"; };
		FAAD4629288EA87B00989CC1 /* CalendarCell.swift */ = {isa = PBXFileReference; lastKnownFileType = sourcecode.swift; path = CalendarCell.swift; sourceTree = "<group>"; };
		FAAD462B288EABA400989CC1 /* CalendarHelper.swift */ = {isa = PBXFileReference; lastKnownFileType = sourcecode.swift; path = CalendarHelper.swift; sourceTree = "<group>"; };
		FAAD462D288EE59800989CC1 /* WeeklyViewController.swift */ = {isa = PBXFileReference; lastKnownFileType = sourcecode.swift; path = WeeklyViewController.swift; sourceTree = "<group>"; };
		FAAD462F289050FC00989CC1 /* EventEditViewController.swift */ = {isa = PBXFileReference; lastKnownFileType = sourcecode.swift; path = EventEditViewController.swift; sourceTree = "<group>"; };
		FAAD46312890510B00989CC1 /* EventCell.swift */ = {isa = PBXFileReference; lastKnownFileType = sourcecode.swift; path = EventCell.swift; sourceTree = "<group>"; };
		FAAD46332891582B00989CC1 /* Event.swift */ = {isa = PBXFileReference; lastKnownFileType = sourcecode.swift; path = Event.swift; sourceTree = "<group>"; };
/* End PBXFileReference section */

/* Begin PBXFrameworksBuildPhase section */
		FAAD460F288EA60900989CC1 /* Frameworks */ = {
			isa = PBXFrameworksBuildPhase;
			buildActionMask = 2147483647;
			files = (
			);
			runOnlyForDeploymentPostprocessing = 0;
		};
/* End PBXFrameworksBuildPhase section */

/* Begin PBXGroup section */
		FAAD4609288EA60900989CC1 = {
			isa = PBXGroup;
			children = (
				FAAD4614288EA60900989CC1 /* CalendarTutorial */,
				FAAD4613288EA60900989CC1 /* Products */,
			);
			sourceTree = "<group>";
		};
		FAAD4613288EA60900989CC1 /* Products */ = {
			isa = PBXGroup;
			children = (
				FAAD4612288EA60900989CC1 /* CalendarTutorial.app */,
			);
			name = Products;
			sourceTree = "<group>";
		};
		FAAD4614288EA60900989CC1 /* CalendarTutorial */ = {
			isa = PBXGroup;
			children = (
				FAAD4615288EA60900989CC1 /* AppDelegate.swift */,
				FAAD4617288EA60900989CC1 /* SceneDelegate.swift */,
				FAAD4619288EA60900989CC1 /* ViewController.swift */,
				FAAD461B288EA60900989CC1 /* Main.storyboard */,
				FA768EA628927B670000A483 /* DailyCell.swift */,
				FA768EA828927B7F0000A483 /* DailyViewController.swift */,
				FAAD46332891582B00989CC1 /* Event.swift */,
				FAAD462F289050FC00989CC1 /* EventEditViewController.swift */,
				FAAD46312890510B00989CC1 /* EventCell.swift */,
				FAAD462D288EE59800989CC1 /* WeeklyViewController.swift */,
				FAAD462B288EABA400989CC1 /* CalendarHelper.swift */,
				FAAD4629288EA87B00989CC1 /* CalendarCell.swift */,
				FAAD461E288EA60B00989CC1 /* Assets.xcassets */,
				FAAD4620288EA60B00989CC1 /* LaunchScreen.storyboard */,
				FAAD4623288EA60B00989CC1 /* Info.plist */,
			);
			path = CalendarTutorial;
			sourceTree = "<group>";
		};
/* End PBXGroup section */

/* Begin PBXNativeTarget section */
		FAAD4611288EA60900989CC1 /* CalendarTutorial */ = {
			isa = PBXNativeTarget;
			buildConfigurationList = FAAD4626288EA60B00989CC1 /* Build configuration list for PBXNativeTarget "CalendarTutorial" */;
			buildPhases = (
				FAAD460E288EA60900989CC1 /* Sources */,
				FAAD460F288EA60900989CC1 /* Frameworks */,
				FAAD4610288EA60900989CC1 /* Resources */,
			);
			buildRules = (
			);
			dependencies = (
			);
			name = CalendarTutorial;
			productName = CalendarTutorial;
			productReference = FAAD4612288EA60900989CC1 /* CalendarTutorial.app */;
			productType = "com.apple.product-type.application";
		};
/* End PBXNativeTarget section */

/* Begin PBXProject section */
		FAAD460A288EA60900989CC1 /* Project object */ = {
			isa = PBXProject;
			attributes = {
				BuildIndependentTargetsInParallel = 1;
				LastSwiftUpdateCheck = 1320;
				LastUpgradeCheck = 1320;
				TargetAttributes = {
					FAAD4611288EA60900989CC1 = {
						CreatedOnToolsVersion = 13.2.1;
					};
				};
			};
			buildConfigurationList = FAAD460D288EA60900989CC1 /* Build configuration list for PBXProject "CalendarTutorial" */;
			compatibilityVersion = "Xcode 13.0";
			developmentRegion = en;
			hasScannedForEncodings = 0;
			knownRegions = (
				en,
				Base,
			);
			mainGroup = FAAD4609288EA60900989CC1;
			productRefGroup = FAAD4613288EA60900989CC1 /* Products */;
			projectDirPath = "";
			projectRoot = "";
			targets = (
				FAAD4611288EA60900989CC1 /* CalendarTutorial */,
			);
		};
/* End PBXProject section */

/* Begin PBXResourcesBuildPhase section */
		FAAD4610288EA60900989CC1 /* Resources */ = {
			isa = PBXResourcesBuildPhase;
			buildActionMask = 2147483647;
			files = (
				FAAD4622288EA60B00989CC1 /* LaunchScreen.storyboard in Resources */,
				FAAD461F288EA60B00989CC1 /* Assets.xcassets in Resources */,
				FAAD461D288EA60900989CC1 /* Main.storyboard in Resources */,
			);
			runOnlyForDeploymentPostprocessing = 0;
		};
/* End PBXResourcesBuildPhase section */

/* Begin PBXSourcesBuildPhase section */
		FAAD460E288EA60900989CC1 /* Sources */ = {
			isa = PBXSourcesBuildPhase;
			buildActionMask = 2147483647;
			files = (
				FAAD462C288EABA400989CC1 /* CalendarHelper.swift in Sources */,
				FA768EA728927B670000A483 /* DailyCell.swift in Sources */,
				FA768EA928927B7F0000A483 /* DailyViewController.swift in Sources */,
				FAAD46342891582B00989CC1 /* Event.swift in Sources */,
				FAAD4630289050FC00989CC1 /* EventEditViewController.swift in Sources */,
				FAAD461A288EA60900989CC1 /* ViewController.swift in Sources */,
				FAAD4616288EA60900989CC1 /* AppDelegate.swift in Sources */,
				FAAD46322890510B00989CC1 /* EventCell.swift in Sources */,
				FAAD462E288EE59800989CC1 /* WeeklyViewController.swift in Sources */,
				FAAD4618288EA60900989CC1 /* SceneDelegate.swift in Sources */,
				FAAD462A288EA87B00989CC1 /* CalendarCell.swift in Sources */,
			);
			runOnlyForDeploymentPostprocessing = 0;
		};
/* End PBXSourcesBuildPhase section */

/* Begin PBXVariantGroup section */
		FAAD461B288EA60900989CC1 /* Main.storyboard */ = {
			isa = PBXVariantGroup;
			children = (
				FAAD461C288EA60900989CC1 /* Base */,
			);
			name = Main.storyboard;
			sourceTree = "<group>";
		};
		FAAD4620288EA60B00989CC1 /* LaunchScreen.storyboard */ = {
			isa = PBXVariantGroup;
			children = (
				FAAD4621288EA60B00989CC1 /* Base */,
			);
			name = LaunchScreen.storyboard;
			sourceTree = "<group>";
		};
/* End PBXVariantGroup section */

/* Begin XCBuildConfiguration section */
		FAAD4624288EA60B00989CC1 /* Debug */ = {
			isa = XCBuildConfiguration;
			buildSettings = {
				ALWAYS_SEARCH_USER_PATHS = NO;
				CLANG_ANALYZER_NONNULL = YES;
				CLANG_ANALYZER_NUMBER_OBJECT_CONVERSION = YES_AGGRESSIVE;
				CLANG_CXX_LANGUAGE_STANDARD = "gnu++17";
				CLANG_CXX_LIBRARY = "libc++";
				CLANG_ENABLE_MODULES = YES;
				CLANG_ENABLE_OBJC_ARC = YES;
				CLANG_ENABLE_OBJC_WEAK = YES;
				CLANG_WARN_BLOCK_CAPTURE_AUTORELEASING = YES;
				CLANG_WARN_BOOL_CONVERSION = YES;
				CLANG_WARN_COMMA = YES;
				CLANG_WARN_CONSTANT_CONVERSION = YES;
				CLANG_WARN_DEPRECATED_OBJC_IMPLEMENTATIONS = YES;
				CLANG_WARN_DIRECT_OBJC_ISA_USAGE = YES_ERROR;
				CLANG_WARN_DOCUMENTATION_COMMENTS = YES;
				CLANG_WARN_EMPTY_BODY = YES;
				CLANG_WARN_ENUM_CONVERSION = YES;
				CLANG_WARN_INFINITE_RECURSION = YES;
				CLANG_WARN_INT_CONVERSION = YES;
				CLANG_WARN_NON_LITERAL_NULL_CONVERSION = YES;
				CLANG_WARN_OBJC_IMPLICIT_RETAIN_SELF = YES;
				CLANG_WARN_OBJC_LITERAL_CONVERSION = YES;
				CLANG_WARN_OBJC_ROOT_CLASS = YES_ERROR;
				CLANG_WARN_QUOTED_INCLUDE_IN_FRAMEWORK_HEADER = YES;
				CLANG_WARN_RANGE_LOOP_ANALYSIS = YES;
				CLANG_WARN_STRICT_PROTOTYPES = YES;
				CLANG_WARN_SUSPICIOUS_MOVE = YES;
				CLANG_WARN_UNGUARDED_AVAILABILITY = YES_AGGRESSIVE;
				CLANG_WARN_UNREACHABLE_CODE = YES;
				CLANG_WARN__DUPLICATE_METHOD_MATCH = YES;
				COPY_PHASE_STRIP = NO;
				DEBUG_INFORMATION_FORMAT = dwarf;
				ENABLE_STRICT_OBJC_MSGSEND = YES;
				ENABLE_TESTABILITY = YES;
				GCC_C_LANGUAGE_STANDARD = gnu11;
				GCC_DYNAMIC_NO_PIC = NO;
				GCC_NO_COMMON_BLOCKS = YES;
				GCC_OPTIMIZATION_LEVEL = 0;
				GCC_PREPROCESSOR_DEFINITIONS = (
					"DEBUG=1",
					"$(inherited)",
				);
				GCC_WARN_64_TO_32_BIT_CONVERSION = YES;
				GCC_WARN_ABOUT_RETURN_TYPE = YES_ERROR;
				GCC_WARN_UNDECLARED_SELECTOR = YES;
				GCC_WARN_UNINITIALIZED_AUTOS = YES_AGGRESSIVE;
				GCC_WARN_UNUSED_FUNCTION = YES;
				GCC_WARN_UNUSED_VARIABLE = YES;
				IPHONEOS_DEPLOYMENT_TARGET = 15.2;
				MTL_ENABLE_DEBUG_INFO = INCLUDE_SOURCE;
				MTL_FAST_MATH = YES;
				ONLY_ACTIVE_ARCH = YES;
				SDKROOT = iphoneos;
				SWIFT_ACTIVE_COMPILATION_CONDITIONS = DEBUG;
				SWIFT_OPTIMIZATION_LEVEL = "-Onone";
			};
			name = Debug;
		};
		FAAD4625288EA60B00989CC1 /* Release */ = {
			isa = XCBuildConfiguration;
			buildSettings = {
				ALWAYS_SEARCH_USER_PATHS = NO;
				CLANG_ANALYZER_NONNULL = YES;
				CLANG_ANALYZER_NUMBER_OBJECT_CONVERSION = YES_AGGRESSIVE;
				CLANG_CXX_LANGUAGE_STANDARD = "gnu++17";
				CLANG_CXX_LIBRARY = "libc++";
				CLANG_ENABLE_MODULES = YES;
				CLANG_ENABLE_OBJC_ARC = YES;
				CLANG_ENABLE_OBJC_WEAK = YES;
				CLANG_WARN_BLOCK_CAPTURE_AUTORELEASING = YES;
				CLANG_WARN_BOOL_CONVERSION = YES;
				CLANG_WARN_COMMA = YES;
				CLANG_WARN_CONSTANT_CONVERSION = YES;
				CLANG_WARN_DEPRECATED_OBJC_IMPLEMENTATIONS = YES;
				CLANG_WARN_DIRECT_OBJC_ISA_USAGE = YES_ERROR;
				CLANG_WARN_DOCUMENTATION_COMMENTS = YES;
				CLANG_WARN_EMPTY_BODY = YES;
				CLANG_WARN_ENUM_CONVERSION = YES;
				CLANG_WARN_INFINITE_RECURSION = YES;
				CLANG_WARN_INT_CONVERSION = YES;
				CLANG_WARN_NON_LITERAL_NULL_CONVERSION = YES;
				CLANG_WARN_OBJC_IMPLICIT_RETAIN_SELF = YES;
				CLANG_WARN_OBJC_LITERAL_CONVERSION = YES;
				CLANG_WARN_OBJC_ROOT_CLASS = YES_ERROR;
				CLANG_WARN_QUOTED_INCLUDE_IN_FRAMEWORK_HEADER = YES;
				CLANG_WARN_RANGE_LOOP_ANALYSIS = YES;
				CLANG_WARN_STRICT_PROTOTYPES = YES;
				CLANG_WARN_SUSPICIOUS_MOVE = YES;
				CLANG_WARN_UNGUARDED_AVAILABILITY = YES_AGGRESSIVE;
				CLANG_WARN_UNREACHABLE_CODE = YES;
				CLANG_WARN__DUPLICATE_METHOD_MATCH = YES;
				COPY_PHASE_STRIP = NO;
				DEBUG_INFORMATION_FORMAT = "dwarf-with-dsym";
				ENABLE_NS_ASSERTIONS = NO;
				ENABLE_STRICT_OBJC_MSGSEND = YES;
				GCC_C_LANGUAGE_STANDARD = gnu11;
				GCC_NO_COMMON_BLOCKS = YES;
				GCC_WARN_64_TO_32_BIT_CONVERSION = YES;
				GCC_WARN_ABOUT_RETURN_TYPE = YES_ERROR;
				GCC_WARN_UNDECLARED_SELECTOR = YES;
				GCC_WARN_UNINITIALIZED_AUTOS = YES_AGGRESSIVE;
				GCC_WARN_UNUSED_FUNCTION = YES;
				GCC_WARN_UNUSED_VARIABLE = YES;
				IPHONEOS_DEPLOYMENT_TARGET = 15.2;
				MTL_ENABLE_DEBUG_INFO = NO;
				MTL_FAST_MATH = YES;
				SDKROOT = iphoneos;
				SWIFT_COMPILATION_MODE = wholemodule;
				SWIFT_OPTIMIZATION_LEVEL = "-O";
				VALIDATE_PRODUCT = YES;
			};
			name = Release;
		};
		FAAD4627288EA60B00989CC1 /* Debug */ = {
			isa = XCBuildConfiguration;
			buildSettings = {
				ASSETCATALOG_COMPILER_APPICON_NAME = AppIcon;
				ASSETCATALOG_COMPILER_GLOBAL_ACCENT_COLOR_NAME = AccentColor;
				CODE_SIGN_STYLE = Automatic;
				CURRENT_PROJECT_VERSION = 1;
				DEVELOPMENT_TEAM = GD3TW6RJX3;
				GENERATE_INFOPLIST_FILE = YES;
				INFOPLIST_FILE = CalendarTutorial/Info.plist;
				INFOPLIST_KEY_UIApplicationSupportsIndirectInputEvents = YES;
				INFOPLIST_KEY_UILaunchStoryboardName = LaunchScreen;
				INFOPLIST_KEY_UIMainStoryboardFile = Main;
				INFOPLIST_KEY_UISupportedInterfaceOrientations_iPad = "UIInterfaceOrientationPortrait UIInterfaceOrientationPortraitUpsideDown UIInterfaceOrientationLandscapeLeft UIInterfaceOrientationLandscapeRight";
				INFOPLIST_KEY_UISupportedInterfaceOrientations_iPhone = "UIInterfaceOrientationPortrait UIInterfaceOrientationLandscapeLeft UIInterfaceOrientationLandscapeRight";
				LD_RUNPATH_SEARCH_PATHS = (
					"$(inherited)",
					"@executable_path/Frameworks",
				);
				MARKETING_VERSION = 1.0;
				PRODUCT_BUNDLE_IDENTIFIER = se.jessikagerhardsson.CalendarTutorial;
				PRODUCT_NAME = "$(TARGET_NAME)";
				SWIFT_EMIT_LOC_STRINGS = YES;
				SWIFT_VERSION = 5.0;
				TARGETED_DEVICE_FAMILY = "1,2";
			};
			name = Debug;
		};
		FAAD4628288EA60B00989CC1 /* Release */ = {
			isa = XCBuildConfiguration;
			buildSettings = {
				ASSETCATALOG_COMPILER_APPICON_NAME = AppIcon;
				ASSETCATALOG_COMPILER_GLOBAL_ACCENT_COLOR_NAME = AccentColor;
				CODE_SIGN_STYLE = Automatic;
				CURRENT_PROJECT_VERSION = 1;
				DEVELOPMENT_TEAM = GD3TW6RJX3;
				GENERATE_INFOPLIST_FILE = YES;
				INFOPLIST_FILE = CalendarTutorial/Info.plist;
				INFOPLIST_KEY_UIApplicationSupportsIndirectInputEvents = YES;
				INFOPLIST_KEY_UILaunchStoryboardName = LaunchScreen;
				INFOPLIST_KEY_UIMainStoryboardFile = Main;
				INFOPLIST_KEY_UISupportedInterfaceOrientations_iPad = "UIInterfaceOrientationPortrait UIInterfaceOrientationPortraitUpsideDown UIInterfaceOrientationLandscapeLeft UIInterfaceOrientationLandscapeRight";
				INFOPLIST_KEY_UISupportedInterfaceOrientations_iPhone = "UIInterfaceOrientationPortrait UIInterfaceOrientationLandscapeLeft UIInterfaceOrientationLandscapeRight";
				LD_RUNPATH_SEARCH_PATHS = (
					"$(inherited)",
					"@executable_path/Frameworks",
				);
				MARKETING_VERSION = 1.0;
				PRODUCT_BUNDLE_IDENTIFIER = se.jessikagerhardsson.CalendarTutorial;
				PRODUCT_NAME = "$(TARGET_NAME)";
				SWIFT_EMIT_LOC_STRINGS = YES;
				SWIFT_VERSION = 5.0;
				TARGETED_DEVICE_FAMILY = "1,2";
			};
			name = Release;
		};
/* End XCBuildConfiguration section */

/* Begin XCConfigurationList section */
		FAAD460D288EA60900989CC1 /* Build configuration list for PBXProject "CalendarTutorial" */ = {
			isa = XCConfigurationList;
			buildConfigurations = (
				FAAD4624288EA60B00989CC1 /* Debug */,
				FAAD4625288EA60B00989CC1 /* Release */,
			);
			defaultConfigurationIsVisible = 0;
			defaultConfigurationName = Release;
		};
		FAAD4626288EA60B00989CC1 /* Build configuration list for PBXNativeTarget "CalendarTutorial" */ = {
			isa = XCConfigurationList;
			buildConfigurations = (
				FAAD4627288EA60B00989CC1 /* Debug */,
				FAAD4628288EA60B00989CC1 /* Release */,
			);
			defaultConfigurationIsVisible = 0;
			defaultConfigurationName = Release;
		};
/* End XCConfigurationList section */
	};
	rootObject = FAAD460A288EA60900989CC1 /* Project object */;
}
